
Microsoft Visual Studio Solution File, Format Version 12.00
# Visual Studio Version 17
VisualStudioVersion = 17.9.34728.123
MinimumVisualStudioVersion = 10.0.40219.1
Project("{FAE04EC0-301F-11D3-BF4B-00C04F79EFBC}") = "bingo", "bingo\bingo.csproj", "{F77DC789-F563-4782-B228-F1AA67F25743}"
EndProject
Global
	GlobalSection(SolutionConfigurationPlatforms) = preSolution
		Debug|Any CPU = Debug|Any CPU
		Release|Any CPU = Release|Any CPU
	EndGlobalSection
	GlobalSection(ProjectConfigurationPlatforms) = postSolution
		{F77DC789-F563-4782-B228-F1AA67F25743}.Debug|Any CPU.ActiveCfg = Debug|Any CPU
		{F77DC789-F563-4782-B228-F1AA67F25743}.Debug|Any CPU.Build.0 = Debug|Any CPU
		{F77DC789-F563-4782-B228-F1AA67F25743}.Release|Any CPU.ActiveCfg = Release|Any CPU
		{F77DC789-F563-4782-B228-F1AA67F25743}.Release|Any CPU.Build.0 = Release|Any CPU
	EndGlobalSection
	GlobalSection(SolutionProperties) = preSolution
		HideSolutionNode = FALSE
	EndGlobalSection
	GlobalSection(ExtensibilityGlobals) = postSolution
		SolutionGuid = {45B83DF2-F765-40D9-889C-409117CB1245}
	EndGlobalSection
EndGlobal
